{
    "_readme": [
        "This file locks the dependencies of your project to a known state",
        "Read more about it at http://getcomposer.org/doc/01-basic-usage.md#composer-lock-the-lock-file",
        "This file is @generated automatically"
    ],
    "hash": "dfea3c6c9fae0cd178f39dafcf7a03d0",
    "packages": [
        {
            "name": "composer/installers",
            "version": "dev-master",
            "source": {
                "type": "git",
                "url": "https://github.com/composer/installers.git",
                "reference": "f8c20b427de1cfe7a28a015c1640ce4e4eef1e33"
            },
            "dist": {
                "type": "zip",
                "url": "https://api.github.com/repos/composer/installers/zipball/f8c20b427de1cfe7a28a015c1640ce4e4eef1e33",
                "reference": "f8c20b427de1cfe7a28a015c1640ce4e4eef1e33",
                "shasum": ""
            },
            "replace": {
                "roundcube/plugin-installer": "*",
                "shama/baton": "*"
            },
            "require-dev": {
                "composer/composer": "1.0.*@dev",
                "phpunit/phpunit": "4.1.*"
            },
            "type": "composer-installer",
            "extra": {
                "class": "Composer\\Installers\\Installer",
                "branch-alias": {
                    "dev-master": "1.0-dev"
                }
            },
            "autoload": {
                "psr-0": {
                    "Composer\\Installers\\": "src/"
                }
            },
            "notification-url": "https://packagist.org/downloads/",
            "license": [
                "MIT"
            ],
            "authors": [
                {
                    "name": "Kyle Robinson Young",
                    "email": "kyle@dontkry.com",
                    "homepage": "https://github.com/shama"
                }
            ],
            "description": "A multi-framework Composer library installer",
            "homepage": "http://composer.github.com/installers/",
            "keywords": [
                "Craft",
                "Dolibarr",
                "Hurad",
                "MODX Evo",
                "OXID",
                "SMF",
                "Thelia",
                "WolfCMS",
                "agl",
                "aimeos",
                "annotatecms",
                "bitrix",
                "cakephp",
                "chef",
                "codeigniter",
                "concrete5",
                "croogo",
                "dokuwiki",
                "drupal",
                "elgg",
                "fuelphp",
                "grav",
                "installer",
                "joomla",
                "kohana",
                "laravel",
                "lithium",
                "magento",
                "mako",
                "mediawiki",
                "modulework",
                "moodle",
                "phpbb",
                "piwik",
                "ppi",
                "puppet",
                "roundcube",
                "shopware",
                "silverstripe",
                "symfony",
                "typo3",
                "wordpress",
                "zend",
                "zikula"
            ],
            "time": "2015-03-26 16:11:30"
        },
        {
            "name": "davereid/drush-patchfile",
            "version": "dev-master",
            "source": {
                "type": "git",
                "url": "https://bitbucket.org/davereid/drush-patchfile.git",
                "reference": "da175802a95fb2c4e7e815537614a912d333a2ec"
            },
            "dist": {
                "type": "zip",
                "url": "https://bitbucket.org/davereid/drush-patchfile/get/da175802a95fb2c4e7e815537614a912d333a2ec.zip",
                "reference": "da175802a95fb2c4e7e815537614a912d333a2ec",
                "shasum": ""
            },
            "require": {
                "composer/installers": "~1.0",
                "php": ">=5.3.0"
            },
            "type": "drupal-drush",
            "notification-url": "https://packagist.org/downloads/",
            "license": [
                "GPLv2"
            ],
            "description": "Helps manage patches for your Drupal install using Drush.",
            "homepage": "https://bitbucket.org/davereid/drush-patchfile",
            "keywords": [
                "Drush",
                "patches"
            ],
            "time": "2015-03-25 04:47:17"
        },
        {
            "name": "drush/registry_rebuild",
            "version": "master",
            "source": {
                "type": "git",
                "url": "http://git.drupal.org/project/registry_rebuild.git",
                "reference": "tags/7.x-2.2"
            },
            "type": "library",
            "time": "2014-03-17 15:55:28"
        },
        {
            "name": "keyboardcowboy/drush-compare_schemas",
            "version": "1.0.0",
            "source": {
                "type": "git",
                "url": "https://github.com/KeyboardCowboy/drush-compare_schemas.git",
                "reference": "645cf7a6787459c4a4959a4f42056bdc6a9ce9be"
            },
            "dist": {
                "type": "zip",
                "url": "https://api.github.com/repos/KeyboardCowboy/drush-compare_schemas/zipball/645cf7a6787459c4a4959a4f42056bdc6a9ce9be",
                "reference": "645cf7a6787459c4a4959a4f42056bdc6a9ce9be",
                "shasum": ""
            },
            "require": {
                "composer/installers": "~1.0",
                "php": ">=5.3.0"
            },
            "type": "drupal-drush",
            "notification-url": "https://packagist.org/downloads/",
            "license": [
                "GPL-2.0+"
            ],
            "authors": [
                {
                    "name": "Chris Albrecht",
                    "email": "chris@lullabot.com"
                }
            ],
            "description": "Compare the schema versions of modules between two environments.",
            "homepage": "https://github.com/KeyboardCowboy/drush-compare_schemas",
            "keywords": [
                "Drush",
                "database",
                "schema"
            ],
            "time": "2015-04-02 23:47:21"
        },
        {
            "name": "keyboardcowboy/drush-denver",
            "version": "1.3.1",
            "source": {
                "type": "git",
                "url": "https://github.com/KeyboardCowboy/drush-denver.git",
                "reference": "ccaa7f7350d3e4a6b017cef007d8eaf5a3edae47"
            },
            "dist": {
                "type": "zip",
                "url": "https://api.github.com/repos/KeyboardCowboy/drush-denver/zipball/ccaa7f7350d3e4a6b017cef007d8eaf5a3edae47",
                "reference": "ccaa7f7350d3e4a6b017cef007d8eaf5a3edae47",
                "shasum": ""
            },
            "require": {
                "composer/installers": "~1.0",
                "php": ">=5.3.0"
            },
            "type": "drupal-drush",
            "notification-url": "https://packagist.org/downloads/",
            "license": [
                "GPL-2.0+"
            ],
            "authors": [
                {
                    "name": "KeyboardCowboy",
                    "email": "chris.albrecht@lullabot.com"
                }
            ],
            "description": "Customize modules, variables and permissions for each environment.",
            "homepage": "https://github.com/KeyboardCowboy/drush-denver",
            "keywords": [
                "Drush",
                "environment"
            ],
            "time": "2015-03-25 03:52:03"
        },
        {
            "name": "keyboardcowboy/drush-sync_tools",
            "version": "dev-master",
            "source": {
                "type": "git",
                "url": "https://github.com/KeyboardCowboy/drush-sync_tools.git",
                "reference": "373a31a824470fa6027d91f1c9faac2a00985ad5"
            },
            "dist": {
                "type": "zip",
                "url": "https://api.github.com/repos/KeyboardCowboy/drush-sync_tools/zipball/373a31a824470fa6027d91f1c9faac2a00985ad5",
                "reference": "373a31a824470fa6027d91f1c9faac2a00985ad5",
                "shasum": ""
            },
            "require": {
                "composer/installers": "~1.0",
                "php": ">=5.3.0"
            },
            "type": "drupal-drush",
            "notification-url": "https://packagist.org/downloads/",
            "license": [
                "GPL-2.0+"
            ],
            "authors": [
                {
                    "name": "Chris Albrecht",
                    "email": "chris@lullabot.com"
                }
            ],
            "description": "Drush commands to aid in syncing and preparing a local environment.",
            "homepage": "https://github.com/KeyboardCowboy/drush-sync_tools",
            "keywords": [
                "Drush",
                "database",
                "sync"
            ],
            "time": "2015-04-03 00:29:01"
        },
        {
            "name": "keyboardcowboy/orion",
            "version": "3.1.3",
            "source": {
                "type": "git",
                "url": "https://github.com/KeyboardCowboy/orion.git",
                "reference": "968171b7c795147d5c6445a9de972047571867e3"
            },
            "dist": {
                "type": "zip",
                "url": "https://api.github.com/repos/KeyboardCowboy/orion/zipball/968171b7c795147d5c6445a9de972047571867e3",
                "reference": "968171b7c795147d5c6445a9de972047571867e3",
                "shasum": ""
            },
            "require": {
                "composer/installers": "~1.0"
            },
            "type": "library",
            "notification-url": "https://packagist.org/downloads/",
            "license": [
                "GPL-2.0+"
            ],
            "authors": [
                {
                    "name": "Chris Albrecht",
                    "email": "chris@lullabot.com"
                }
            ],
            "description": "Library of sass mixins and jade templates for rapid prototyping.",
            "homepage": "https://github.com/KeyboardCowboy/orion",
            "keywords": [
                "css",
                "jade",
                "mixins",
                "prototype",
                "sass",
                "scss"
            ],
            "time": "2015-04-06 23:42:10"
        }
    ],
    "packages-dev": [],
    "aliases": [],
    "minimum-stability": "dev",
    "stability-flags": {
        "davereid/drush-patchfile": 20,
        "keyboardcowboy/drush-sync_tools": 20
    },
    "prefer-stable": false,
    "prefer-lowest": false,
    "platform": [],
    "platform-dev": []
}
